
Microsoft Visual Studio Solution File, Format Version 12.00
# Visual Studio 15
VisualStudioVersion = 15.0.27428.2005
MinimumVisualStudioVersion = 10.0.40219.1
Project("{FAE04EC0-301F-11D3-BF4B-00C04F79EFBC}") = "LLMerge", "LLMerge\LLMerge.csproj", "{C12E5D32-A657-4E69-928E-5215D0C23FCF}"
EndProject
Global
	GlobalSection(SolutionConfigurationPlatforms) = preSolution
		Debug|Any CPU = Debug|Any CPU
		Release|Any CPU = Release|Any CPU
	EndGlobalSection
	GlobalSection(ProjectConfigurationPlatforms) = postSolution
		{C12E5D32-A657-4E69-928E-5215D0C23FCF}.Debug|Any CPU.ActiveCfg = Debug|Any CPU
		{C12E5D32-A657-4E69-928E-5215D0C23FCF}.Debug|Any CPU.Build.0 = Debug|Any CPU
		{C12E5D32-A657-4E69-928E-5215D0C23FCF}.Release|Any CPU.ActiveCfg = Release|Any CPU
		{C12E5D32-A657-4E69-928E-5215D0C23FCF}.Release|Any CPU.Build.0 = Release|Any CPU
	EndGlobalSection
	GlobalSection(SolutionProperties) = preSolution
		HideSolutionNode = FALSE
	EndGlobalSection
	GlobalSection(ExtensibilityGlobals) = postSolution
		SolutionGuid = {E7D0286F-F470-4D54-8F78-A98A81581F13}
	EndGlobalSection
EndGlobal
