
Microsoft Visual Studio Solution File, Format Version 12.00
# Visual Studio 15
VisualStudioVersion = 15.0.27428.2005
MinimumVisualStudioVersion = 10.0.40219.1
Project("{FAE04EC0-301F-11D3-BF4B-00C04F79EFBC}") = "Insertionsort", "Insertionsort\Insertionsort.csproj", "{864C22F6-6DBB-460E-A8B9-18A1F3646C80}"
EndProject
Project("{FAE04EC0-301F-11D3-BF4B-00C04F79EFBC}") = "InsertionTests", "InsertionTests\InsertionTests.csproj", "{B7CE7C1B-2C0D-467F-8149-973ABD7EFCFE}"
EndProject
Global
	GlobalSection(SolutionConfigurationPlatforms) = preSolution
		Debug|Any CPU = Debug|Any CPU
		Release|Any CPU = Release|Any CPU
	EndGlobalSection
	GlobalSection(ProjectConfigurationPlatforms) = postSolution
		{864C22F6-6DBB-460E-A8B9-18A1F3646C80}.Debug|Any CPU.ActiveCfg = Debug|Any CPU
		{864C22F6-6DBB-460E-A8B9-18A1F3646C80}.Debug|Any CPU.Build.0 = Debug|Any CPU
		{864C22F6-6DBB-460E-A8B9-18A1F3646C80}.Release|Any CPU.ActiveCfg = Release|Any CPU
		{864C22F6-6DBB-460E-A8B9-18A1F3646C80}.Release|Any CPU.Build.0 = Release|Any CPU
		{B7CE7C1B-2C0D-467F-8149-973ABD7EFCFE}.Debug|Any CPU.ActiveCfg = Debug|Any CPU
		{B7CE7C1B-2C0D-467F-8149-973ABD7EFCFE}.Debug|Any CPU.Build.0 = Debug|Any CPU
		{B7CE7C1B-2C0D-467F-8149-973ABD7EFCFE}.Release|Any CPU.ActiveCfg = Release|Any CPU
		{B7CE7C1B-2C0D-467F-8149-973ABD7EFCFE}.Release|Any CPU.Build.0 = Release|Any CPU
	EndGlobalSection
	GlobalSection(SolutionProperties) = preSolution
		HideSolutionNode = FALSE
	EndGlobalSection
	GlobalSection(ExtensibilityGlobals) = postSolution
		SolutionGuid = {122727F5-C349-4977-971D-C0AE3C37413B}
	EndGlobalSection
EndGlobal
