
Microsoft Visual Studio Solution File, Format Version 12.00
# Visual Studio 15
VisualStudioVersion = 15.0.27428.2005
MinimumVisualStudioVersion = 10.0.40219.1
Project("{9A19103F-16F7-4668-BE54-9A1E7A4F7556}") = "repeated_word", "repeated_word\repeated_word.csproj", "{A5A98B50-0834-487E-8C81-32AC4B814911}"
EndProject
Project("{FAE04EC0-301F-11D3-BF4B-00C04F79EFBC}") = "TestingWords", "TestingWords\TestingWords.csproj", "{D2C6D52E-C4E4-4856-B2EB-8C25C1933843}"
EndProject
Global
	GlobalSection(SolutionConfigurationPlatforms) = preSolution
		Debug|Any CPU = Debug|Any CPU
		Release|Any CPU = Release|Any CPU
	EndGlobalSection
	GlobalSection(ProjectConfigurationPlatforms) = postSolution
		{A5A98B50-0834-487E-8C81-32AC4B814911}.Debug|Any CPU.ActiveCfg = Debug|Any CPU
		{A5A98B50-0834-487E-8C81-32AC4B814911}.Debug|Any CPU.Build.0 = Debug|Any CPU
		{A5A98B50-0834-487E-8C81-32AC4B814911}.Release|Any CPU.ActiveCfg = Release|Any CPU
		{A5A98B50-0834-487E-8C81-32AC4B814911}.Release|Any CPU.Build.0 = Release|Any CPU
		{D2C6D52E-C4E4-4856-B2EB-8C25C1933843}.Debug|Any CPU.ActiveCfg = Debug|Any CPU
		{D2C6D52E-C4E4-4856-B2EB-8C25C1933843}.Debug|Any CPU.Build.0 = Debug|Any CPU
		{D2C6D52E-C4E4-4856-B2EB-8C25C1933843}.Release|Any CPU.ActiveCfg = Release|Any CPU
		{D2C6D52E-C4E4-4856-B2EB-8C25C1933843}.Release|Any CPU.Build.0 = Release|Any CPU
	EndGlobalSection
	GlobalSection(SolutionProperties) = preSolution
		HideSolutionNode = FALSE
	EndGlobalSection
	GlobalSection(ExtensibilityGlobals) = postSolution
		SolutionGuid = {5EF4E83E-D695-408B-928F-C9CC6175A1DA}
	EndGlobalSection
EndGlobal
