
Microsoft Visual Studio Solution File, Format Version 12.00
# Visual Studio 15
VisualStudioVersion = 15.0.27428.2005
MinimumVisualStudioVersion = 10.0.40219.1
Project("{FAE04EC0-301F-11D3-BF4B-00C04F79EFBC}") = "reverse-array", "reverse-array\reverse-array.csproj", "{8376E717-BCE5-4A15-A8D9-C5431278E27B}"
EndProject
Global
	GlobalSection(SolutionConfigurationPlatforms) = preSolution
		Debug|Any CPU = Debug|Any CPU
		Release|Any CPU = Release|Any CPU
	EndGlobalSection
	GlobalSection(ProjectConfigurationPlatforms) = postSolution
		{8376E717-BCE5-4A15-A8D9-C5431278E27B}.Debug|Any CPU.ActiveCfg = Debug|Any CPU
		{8376E717-BCE5-4A15-A8D9-C5431278E27B}.Debug|Any CPU.Build.0 = Debug|Any CPU
		{8376E717-BCE5-4A15-A8D9-C5431278E27B}.Release|Any CPU.ActiveCfg = Release|Any CPU
		{8376E717-BCE5-4A15-A8D9-C5431278E27B}.Release|Any CPU.Build.0 = Release|Any CPU
	EndGlobalSection
	GlobalSection(SolutionProperties) = preSolution
		HideSolutionNode = FALSE
	EndGlobalSection
	GlobalSection(ExtensibilityGlobals) = postSolution
		SolutionGuid = {AB73EA2F-57D6-4ED8-85CC-E1C8285C2262}
	EndGlobalSection
EndGlobal
