
Microsoft Visual Studio Solution File, Format Version 12.00
# Visual Studio 15
VisualStudioVersion = 15.0.27428.2005
MinimumVisualStudioVersion = 10.0.40219.1
Project("{FAE04EC0-301F-11D3-BF4B-00C04F79EFBC}") = "ll_find_loop", "ll_find_loop\ll_find_loop.csproj", "{59D1CE50-E66E-49EC-8C58-C5ED634AB789}"
EndProject
Project("{FAE04EC0-301F-11D3-BF4B-00C04F79EFBC}") = "XUnitTestProject1", "XUnitTestProject1\XUnitTestProject1.csproj", "{ECD9FFDE-4514-4D4D-BB5D-909BEDE5FB8D}"
EndProject
Global
	GlobalSection(SolutionConfigurationPlatforms) = preSolution
		Debug|Any CPU = Debug|Any CPU
		Release|Any CPU = Release|Any CPU
	EndGlobalSection
	GlobalSection(ProjectConfigurationPlatforms) = postSolution
		{59D1CE50-E66E-49EC-8C58-C5ED634AB789}.Debug|Any CPU.ActiveCfg = Debug|Any CPU
		{59D1CE50-E66E-49EC-8C58-C5ED634AB789}.Debug|Any CPU.Build.0 = Debug|Any CPU
		{59D1CE50-E66E-49EC-8C58-C5ED634AB789}.Release|Any CPU.ActiveCfg = Release|Any CPU
		{59D1CE50-E66E-49EC-8C58-C5ED634AB789}.Release|Any CPU.Build.0 = Release|Any CPU
		{ECD9FFDE-4514-4D4D-BB5D-909BEDE5FB8D}.Debug|Any CPU.ActiveCfg = Debug|Any CPU
		{ECD9FFDE-4514-4D4D-BB5D-909BEDE5FB8D}.Debug|Any CPU.Build.0 = Debug|Any CPU
		{ECD9FFDE-4514-4D4D-BB5D-909BEDE5FB8D}.Release|Any CPU.ActiveCfg = Release|Any CPU
		{ECD9FFDE-4514-4D4D-BB5D-909BEDE5FB8D}.Release|Any CPU.Build.0 = Release|Any CPU
	EndGlobalSection
	GlobalSection(SolutionProperties) = preSolution
		HideSolutionNode = FALSE
	EndGlobalSection
	GlobalSection(ExtensibilityGlobals) = postSolution
		SolutionGuid = {97610420-32D9-4BAC-8BEF-7017081FFCE7}
	EndGlobalSection
EndGlobal
