
Microsoft Visual Studio Solution File, Format Version 12.00
# Visual Studio 15
VisualStudioVersion = 15.0.27428.2005
MinimumVisualStudioVersion = 10.0.40219.1
Project("{9A19103F-16F7-4668-BE54-9A1E7A4F7556}") = "Stacks_and_Queues", "Stacks_and_Queues\Stacks_and_Queues.csproj", "{97870DD6-BCF2-461D-AFC2-93103340BAB0}"
EndProject
Project("{FAE04EC0-301F-11D3-BF4B-00C04F79EFBC}") = "XUnitTestProject1", "XUnitTestProject1\XUnitTestProject1.csproj", "{76E9FC78-A58D-463D-8DB9-988D294138D8}"
EndProject
Global
	GlobalSection(SolutionConfigurationPlatforms) = preSolution
		Debug|Any CPU = Debug|Any CPU
		Release|Any CPU = Release|Any CPU
	EndGlobalSection
	GlobalSection(ProjectConfigurationPlatforms) = postSolution
		{97870DD6-BCF2-461D-AFC2-93103340BAB0}.Debug|Any CPU.ActiveCfg = Debug|Any CPU
		{97870DD6-BCF2-461D-AFC2-93103340BAB0}.Debug|Any CPU.Build.0 = Debug|Any CPU
		{97870DD6-BCF2-461D-AFC2-93103340BAB0}.Release|Any CPU.ActiveCfg = Release|Any CPU
		{97870DD6-BCF2-461D-AFC2-93103340BAB0}.Release|Any CPU.Build.0 = Release|Any CPU
		{76E9FC78-A58D-463D-8DB9-988D294138D8}.Debug|Any CPU.ActiveCfg = Debug|Any CPU
		{76E9FC78-A58D-463D-8DB9-988D294138D8}.Debug|Any CPU.Build.0 = Debug|Any CPU
		{76E9FC78-A58D-463D-8DB9-988D294138D8}.Release|Any CPU.ActiveCfg = Release|Any CPU
		{76E9FC78-A58D-463D-8DB9-988D294138D8}.Release|Any CPU.Build.0 = Release|Any CPU
	EndGlobalSection
	GlobalSection(SolutionProperties) = preSolution
		HideSolutionNode = FALSE
	EndGlobalSection
	GlobalSection(ExtensibilityGlobals) = postSolution
		SolutionGuid = {16A73E80-0519-4F44-8DDA-01F2090F90CF}
	EndGlobalSection
EndGlobal
