
Microsoft Visual Studio Solution File, Format Version 12.00
# Visual Studio 15
VisualStudioVersion = 15.0.27428.2005
MinimumVisualStudioVersion = 10.0.40219.1
Project("{FAE04EC0-301F-11D3-BF4B-00C04F79EFBC}") = "multi_bracket_validation", "multi_bracket_validation\multi_bracket_validation.csproj", "{97F02BAE-7F0F-4AF0-8144-D2CACDE546D5}"
EndProject
Project("{FAE04EC0-301F-11D3-BF4B-00C04F79EFBC}") = "XUnitTestProject1", "XUnitTestProject1\XUnitTestProject1.csproj", "{574FF489-4B19-406D-9C9F-31F4D8D8B412}"
EndProject
Global
	GlobalSection(SolutionConfigurationPlatforms) = preSolution
		Debug|Any CPU = Debug|Any CPU
		Release|Any CPU = Release|Any CPU
	EndGlobalSection
	GlobalSection(ProjectConfigurationPlatforms) = postSolution
		{97F02BAE-7F0F-4AF0-8144-D2CACDE546D5}.Debug|Any CPU.ActiveCfg = Debug|Any CPU
		{97F02BAE-7F0F-4AF0-8144-D2CACDE546D5}.Debug|Any CPU.Build.0 = Debug|Any CPU
		{97F02BAE-7F0F-4AF0-8144-D2CACDE546D5}.Release|Any CPU.ActiveCfg = Release|Any CPU
		{97F02BAE-7F0F-4AF0-8144-D2CACDE546D5}.Release|Any CPU.Build.0 = Release|Any CPU
		{574FF489-4B19-406D-9C9F-31F4D8D8B412}.Debug|Any CPU.ActiveCfg = Debug|Any CPU
		{574FF489-4B19-406D-9C9F-31F4D8D8B412}.Debug|Any CPU.Build.0 = Debug|Any CPU
		{574FF489-4B19-406D-9C9F-31F4D8D8B412}.Release|Any CPU.ActiveCfg = Release|Any CPU
		{574FF489-4B19-406D-9C9F-31F4D8D8B412}.Release|Any CPU.Build.0 = Release|Any CPU
	EndGlobalSection
	GlobalSection(SolutionProperties) = preSolution
		HideSolutionNode = FALSE
	EndGlobalSection
	GlobalSection(ExtensibilityGlobals) = postSolution
		SolutionGuid = {FA1610AE-89AF-499A-9027-78A5B5970DF2}
	EndGlobalSection
EndGlobal
