
Microsoft Visual Studio Solution File, Format Version 12.00
# Visual Studio 15
VisualStudioVersion = 15.0.27428.2005
MinimumVisualStudioVersion = 10.0.40219.1
Project("{FAE04EC0-301F-11D3-BF4B-00C04F79EFBC}") = "PrintLevelOrder", "PrintLevelOrder\PrintLevelOrder.csproj", "{28030621-48A1-4950-BE66-6DD82FC7E60F}"
EndProject
Global
	GlobalSection(SolutionConfigurationPlatforms) = preSolution
		Debug|Any CPU = Debug|Any CPU
		Release|Any CPU = Release|Any CPU
	EndGlobalSection
	GlobalSection(ProjectConfigurationPlatforms) = postSolution
		{28030621-48A1-4950-BE66-6DD82FC7E60F}.Debug|Any CPU.ActiveCfg = Debug|Any CPU
		{28030621-48A1-4950-BE66-6DD82FC7E60F}.Debug|Any CPU.Build.0 = Debug|Any CPU
		{28030621-48A1-4950-BE66-6DD82FC7E60F}.Release|Any CPU.ActiveCfg = Release|Any CPU
		{28030621-48A1-4950-BE66-6DD82FC7E60F}.Release|Any CPU.Build.0 = Release|Any CPU
	EndGlobalSection
	GlobalSection(SolutionProperties) = preSolution
		HideSolutionNode = FALSE
	EndGlobalSection
	GlobalSection(ExtensibilityGlobals) = postSolution
		SolutionGuid = {1449CF9F-8D32-4671-B67D-31B74B2887ED}
	EndGlobalSection
EndGlobal
